
Microsoft Visual Studio Solution File, Format Version 12.00
# Visual Studio Version 17
VisualStudioVersion = 17.0.31903.59
MinimumVisualStudioVersion = 10.0.40219.1
Project("{2150E333-8FDC-42A3-9474-1A3956D46DE8}") = "src", "src", "{FA1BB776-03B9-4A8D-AECD-54D1FAEBEEC4}"
EndProject
Project("{FAE04EC0-301F-11D3-BF4B-00C04F79EFBC}") = "Demo", "src\Demo\Demo.csproj", "{9613B972-F7D5-4A6E-9351-B6192D175503}"
EndProject
Project("{FAE04EC0-301F-11D3-BF4B-00C04F79EFBC}") = "Micronaire", "src\Micronaire\Micronaire.csproj", "{E7151588-9444-44E2-A0D2-C0DDAF17CC77}"
EndProject
Global
	GlobalSection(SolutionConfigurationPlatforms) = preSolution
		Debug|Any CPU = Debug|Any CPU
		Release|Any CPU = Release|Any CPU
	EndGlobalSection
	GlobalSection(SolutionProperties) = preSolution
		HideSolutionNode = FALSE
	EndGlobalSection
	GlobalSection(ProjectConfigurationPlatforms) = postSolution
		{9613B972-F7D5-4A6E-9351-B6192D175503}.Debug|Any CPU.ActiveCfg = Debug|Any CPU
		{9613B972-F7D5-4A6E-9351-B6192D175503}.Debug|Any CPU.Build.0 = Debug|Any CPU
		{9613B972-F7D5-4A6E-9351-B6192D175503}.Release|Any CPU.ActiveCfg = Release|Any CPU
		{9613B972-F7D5-4A6E-9351-B6192D175503}.Release|Any CPU.Build.0 = Release|Any CPU
		{E7151588-9444-44E2-A0D2-C0DDAF17CC77}.Debug|Any CPU.ActiveCfg = Debug|Any CPU
		{E7151588-9444-44E2-A0D2-C0DDAF17CC77}.Debug|Any CPU.Build.0 = Debug|Any CPU
		{E7151588-9444-44E2-A0D2-C0DDAF17CC77}.Release|Any CPU.ActiveCfg = Release|Any CPU
		{E7151588-9444-44E2-A0D2-C0DDAF17CC77}.Release|Any CPU.Build.0 = Release|Any CPU
	EndGlobalSection
	GlobalSection(NestedProjects) = preSolution
		{9613B972-F7D5-4A6E-9351-B6192D175503} = {FA1BB776-03B9-4A8D-AECD-54D1FAEBEEC4}
		{E7151588-9444-44E2-A0D2-C0DDAF17CC77} = {FA1BB776-03B9-4A8D-AECD-54D1FAEBEEC4}
	EndGlobalSection
EndGlobal
